
Microsoft Visual Studio Solution File, Format Version 12.00
# Visual Studio Version 16
VisualStudioVersion = 16.0.30907.101
MinimumVisualStudioVersion = 10.0.40219.1
Project("{FAE04EC0-301F-11D3-BF4B-00C04F79EFBC}") = "RPGTEST", "RPGTEST.csproj", "{62D9884F-F3BF-4C14-9F9E-AC52BC98253F}"
EndProject
Global
	GlobalSection(SolutionConfigurationPlatforms) = preSolution
		Debug|Any CPU = Debug|Any CPU
		Release|Any CPU = Release|Any CPU
	EndGlobalSection
	GlobalSection(ProjectConfigurationPlatforms) = postSolution
		{62D9884F-F3BF-4C14-9F9E-AC52BC98253F}.Debug|Any CPU.ActiveCfg = Debug|Any CPU
		{62D9884F-F3BF-4C14-9F9E-AC52BC98253F}.Debug|Any CPU.Build.0 = Debug|Any CPU
		{62D9884F-F3BF-4C14-9F9E-AC52BC98253F}.Release|Any CPU.ActiveCfg = Release|Any CPU
		{62D9884F-F3BF-4C14-9F9E-AC52BC98253F}.Release|Any CPU.Build.0 = Release|Any CPU
	EndGlobalSection
	GlobalSection(SolutionProperties) = preSolution
		HideSolutionNode = FALSE
	EndGlobalSection
	GlobalSection(ExtensibilityGlobals) = postSolution
		SolutionGuid = {FE4A4388-355B-450A-A926-C359F1AAEB10}
	EndGlobalSection
EndGlobal
