
Microsoft Visual Studio Solution File, Format Version 12.00
# Visual Studio Version 16
VisualStudioVersion = 16.0.30907.101
MinimumVisualStudioVersion = 10.0.40219.1
Project("{FAE04EC0-301F-11D3-BF4B-00C04F79EFBC}") = "CryptoConjurer", "CryptoConjurer.csproj", "{33B16F07-7FE4-4E0A-884C-1918D015B792}"
EndProject
Global
	GlobalSection(SolutionConfigurationPlatforms) = preSolution
		Debug|Any CPU = Debug|Any CPU
		Release|Any CPU = Release|Any CPU
	EndGlobalSection
	GlobalSection(ProjectConfigurationPlatforms) = postSolution
		{33B16F07-7FE4-4E0A-884C-1918D015B792}.Debug|Any CPU.ActiveCfg = Debug|Any CPU
		{33B16F07-7FE4-4E0A-884C-1918D015B792}.Debug|Any CPU.Build.0 = Debug|Any CPU
		{33B16F07-7FE4-4E0A-884C-1918D015B792}.Release|Any CPU.ActiveCfg = Release|Any CPU
		{33B16F07-7FE4-4E0A-884C-1918D015B792}.Release|Any CPU.Build.0 = Release|Any CPU
	EndGlobalSection
	GlobalSection(SolutionProperties) = preSolution
		HideSolutionNode = FALSE
	EndGlobalSection
	GlobalSection(ExtensibilityGlobals) = postSolution
		SolutionGuid = {2A3019CD-56A2-48DA-939E-5E028CF351A6}
	EndGlobalSection
EndGlobal
