
Microsoft Visual Studio Solution File, Format Version 12.00
# Visual Studio Version 16
VisualStudioVersion = 16.0.29905.134
MinimumVisualStudioVersion = 10.0.40219.1
Project("{FAE04EC0-301F-11D3-BF4B-00C04F79EFBC}") = "Geometri", "Geometri.csproj", "{483BC742-4BB5-4929-9DCD-C12C14006B5D}"
EndProject
Global
	GlobalSection(SolutionConfigurationPlatforms) = preSolution
		Debug|Any CPU = Debug|Any CPU
		Release|Any CPU = Release|Any CPU
	EndGlobalSection
	GlobalSection(ProjectConfigurationPlatforms) = postSolution
		{483BC742-4BB5-4929-9DCD-C12C14006B5D}.Debug|Any CPU.ActiveCfg = Debug|Any CPU
		{483BC742-4BB5-4929-9DCD-C12C14006B5D}.Debug|Any CPU.Build.0 = Debug|Any CPU
		{483BC742-4BB5-4929-9DCD-C12C14006B5D}.Release|Any CPU.ActiveCfg = Release|Any CPU
		{483BC742-4BB5-4929-9DCD-C12C14006B5D}.Release|Any CPU.Build.0 = Release|Any CPU
	EndGlobalSection
	GlobalSection(SolutionProperties) = preSolution
		HideSolutionNode = FALSE
	EndGlobalSection
	GlobalSection(ExtensibilityGlobals) = postSolution
		SolutionGuid = {E4CC98C3-4BAD-4DAA-BBF5-9D115EFF52CB}
	EndGlobalSection
EndGlobal
