
Microsoft Visual Studio Solution File, Format Version 12.00
# Visual Studio Version 16
VisualStudioVersion = 16.0.30907.101
MinimumVisualStudioVersion = 10.0.40219.1
Project("{FAE04EC0-301F-11D3-BF4B-00C04F79EFBC}") = "CoffeeMachine", "CoffeeMachine.csproj", "{84650732-9903-4A31-9DDD-81AF2F1D282A}"
EndProject
Global
	GlobalSection(SolutionConfigurationPlatforms) = preSolution
		Debug|Any CPU = Debug|Any CPU
		Release|Any CPU = Release|Any CPU
	EndGlobalSection
	GlobalSection(ProjectConfigurationPlatforms) = postSolution
		{84650732-9903-4A31-9DDD-81AF2F1D282A}.Debug|Any CPU.ActiveCfg = Debug|Any CPU
		{84650732-9903-4A31-9DDD-81AF2F1D282A}.Debug|Any CPU.Build.0 = Debug|Any CPU
		{84650732-9903-4A31-9DDD-81AF2F1D282A}.Release|Any CPU.ActiveCfg = Release|Any CPU
		{84650732-9903-4A31-9DDD-81AF2F1D282A}.Release|Any CPU.Build.0 = Release|Any CPU
	EndGlobalSection
	GlobalSection(SolutionProperties) = preSolution
		HideSolutionNode = FALSE
	EndGlobalSection
	GlobalSection(ExtensibilityGlobals) = postSolution
		SolutionGuid = {02D9DD00-7BB4-4CD4-9E29-6907C060861E}
	EndGlobalSection
EndGlobal
